{
  "name": "@fvsystem/commom",
  "version": "0.0.1",
  "lockfileVersion": 3,
  "requires": true,
  "packages": {
    "": {
      "name": "@fvsystem/commom",
      "version": "0.0.1",
      "dependencies": {
        "@swc/helpers": "~0.5.0",
        "ts-pattern": "^5.0.5"
      }
    },
    "node_modules/@swc/helpers": {
      "version": "0.5.1",
      "resolved": "https://registry.npmjs.org/@swc/helpers/-/helpers-0.5.1.tgz",
      "integrity": "sha512-sJ902EfIzn1Fa+qYmjdQqh8tPsoxyBz+8yBKC2HKUxyezKJFwPGOn7pv4WY6QuQW//ySQi5lJjA/ZT9sNWWNTg==",
      "dependencies": {
        "tslib": "^2.4.0"
      }
    },
    "node_modules/ts-pattern": {
      "version": "5.0.5",
      "resolved": "https://registry.npmjs.org/ts-pattern/-/ts-pattern-5.0.5.tgz",
      "integrity": "sha512-tL0w8U/pgaacOmkb9fRlYzWEUDCfVjjv9dD4wHTgZ61MjhuMt46VNWTG747NqW6vRzoWIKABVhFSOJ82FvXrfA=="
    },
    "node_modules/tslib": {
      "version": "2.6.2",
      "resolved": "https://registry.npmjs.org/tslib/-/tslib-2.6.2.tgz",
      "integrity": "sha512-AEYxH93jGFPn/a2iVAwW87VuUIkR1FVUKB77NwMF7nBTDkDrrT/Hpt/IrCJ0QXhW27jTBDcf5ZY7w6RiqTMw2Q=="
    }
  }
}
